
Microsoft Visual Studio Solution File, Format Version 12.00
# Visual Studio Version 17
VisualStudioVersion = 17.4.33205.214
MinimumVisualStudioVersion = 10.0.40219.1
Project("{FAE04EC0-301F-11D3-BF4B-00C04F79EFBC}") = "SWProvincias_Apellido", "SWProvincias_Apellido\SWProvincias_Apellido.csproj", "{1370BEA9-CE10-4327-AF6A-357D2594711E}"
EndProject
Global
	GlobalSection(SolutionConfigurationPlatforms) = preSolution
		Debug|Any CPU = Debug|Any CPU
		Release|Any CPU = Release|Any CPU
	EndGlobalSection
	GlobalSection(ProjectConfigurationPlatforms) = postSolution
		{1370BEA9-CE10-4327-AF6A-357D2594711E}.Debug|Any CPU.ActiveCfg = Debug|Any CPU
		{1370BEA9-CE10-4327-AF6A-357D2594711E}.Debug|Any CPU.Build.0 = Debug|Any CPU
		{1370BEA9-CE10-4327-AF6A-357D2594711E}.Release|Any CPU.ActiveCfg = Release|Any CPU
		{1370BEA9-CE10-4327-AF6A-357D2594711E}.Release|Any CPU.Build.0 = Release|Any CPU
	EndGlobalSection
	GlobalSection(SolutionProperties) = preSolution
		HideSolutionNode = FALSE
	EndGlobalSection
	GlobalSection(ExtensibilityGlobals) = postSolution
		SolutionGuid = {83080FDD-ECB1-4A31-9264-2E5A91FA398D}
	EndGlobalSection
EndGlobal
